
Microsoft Visual Studio Solution File, Format Version 12.00
# Visual Studio Version 17
VisualStudioVersion = 17.13.35919.96 d17.13
MinimumVisualStudioVersion = 10.0.40219.1
Project("{FAE04EC0-301F-11D3-BF4B-00C04F79EFBC}") = "MUSEOB3", "..\MUSEOB3\MUSEOB3.csproj", "{A915DD31-3426-4DA8-A12E-8A99E58F369D}"
EndProject
Global
	GlobalSection(SolutionConfigurationPlatforms) = preSolution
		Debug|Any CPU = Debug|Any CPU
		Release|Any CPU = Release|Any CPU
	EndGlobalSection
	GlobalSection(ProjectConfigurationPlatforms) = postSolution
		{A915DD31-3426-4DA8-A12E-8A99E58F369D}.Debug|Any CPU.ActiveCfg = Debug|Any CPU
		{A915DD31-3426-4DA8-A12E-8A99E58F369D}.Debug|Any CPU.Build.0 = Debug|Any CPU
		{A915DD31-3426-4DA8-A12E-8A99E58F369D}.Release|Any CPU.ActiveCfg = Release|Any CPU
		{A915DD31-3426-4DA8-A12E-8A99E58F369D}.Release|Any CPU.Build.0 = Release|Any CPU
	EndGlobalSection
	GlobalSection(SolutionProperties) = preSolution
		HideSolutionNode = FALSE
	EndGlobalSection
	GlobalSection(ExtensibilityGlobals) = postSolution
		SolutionGuid = {0A0F0B14-26DE-4B7B-83AB-14B4C82C76C1}
	EndGlobalSection
EndGlobal
